fyne.io/fyne/v2 v2.5.0 h1:lEjEIso0Vi4sJXYngIMoXOM6aUjqnPjK7pBpxRxG9aI=
fyne.io/fyne/v2 v2.5.0/go.mod h1:9D4oT3NWeG+MLi/lP7ItZZyujHC/qqMJpoGTAYX5Uqc=
golang.org/x/net v0.27.0 h1:5K3Njcw06/l2y9vpGCSdcxWOYHOUk3dVNGDXN+FvAys=
golang.org/x/net v0.27.0/go.mod h1:dDi0PyhWNoiUOrAS8uXv/vnScO4wnHQO4mj9fn/RytE=
